{
  "name": "zepp-camera-remote",
  "version": "0.6.0",
  "lockfileVersion": 3,
  "requires": true,
  "packages": {
    "": {
      "name": "zepp-camera-remote",
      "version": "0.6.0",
      "dependencies": {
        "@zeppos/zml": "^0.0.9"
      }
    },
    "node_modules/@zeppos/zml": {
      "version": "0.0.9",
      "resolved": "https://registry.npmjs.org/@zeppos/zml/-/zml-0.0.9.tgz",
      "integrity": "sha512-D+xQh5Tu58XrFwKFPKPr33FzqIILEtd3vvOfmjclIvEqmuYNtBVKNIRwp7LsQasgtWOsa60iU0asstTxq89UIg==",
      "license": "MIT"
    }
  }
}
